alabaster==0.7.12
appnope==0.1.0
atomicwrites==1.2.1
attrs==18.2.0
Babel==2.6.0
backcall==0.1.0
bleach==3.0.2
certifi==2018.10.15
chardet==3.0.4
decorator==4.3.0
docutils==0.14
flake8==3.6.0
future==0.17.1
idna==2.7
imagesize==1.1.0
ipython==7.1.1
ipython-genutils==0.2.0
jedi==0.13.1
Jinja2==2.10
MarkupSafe==1.0
mccabe==0.6.1
more-itertools==4.3.0
packaging==18.0
parso==0.3.1
pexpect==4.6.0
pickleshare==0.7.5
pkginfo==1.4.2
pluggy==0.8.0
prompt-toolkit==2.0.7
ptyprocess==0.6.0
py==1.7.0
pycodestyle==2.4.0
pyflakes==2.0.0
Pygments==2.2.0
pyparsing==2.2.2
pytest==3.9.3
pytz==2018.7
readme-renderer==24.0
requests==2.20.0
requests-toolbelt==0.8.0
simplegeneric==0.8.1
six==1.11.0
snowballstemmer==1.2.1
Sphinx==1.8.1
sphinx-rtd-theme==0.4.2
sphinxcontrib-websupport==1.1.0
tqdm==4.28.1
traitlets==4.3.2
twine==1.12.1
urllib3==1.24
versioneer==0.18
wcwidth==0.1.7
webencodings==0.5.1
-e git+https://github.com/CiscoDevNet/webexteamssdk.git@ff60f16f8265eeaf4006125d553eef5ccef6734d#egg=webexteamssdk
