alabaster==0.7.16
asttokens==2.4.1
Babel==2.14.0
backports.tarfile==1.1.0
certifi==2024.2.2
charset-normalizer==3.3.2
decorator==5.1.1
docutils==0.20.1
exceptiongroup==1.2.0
executing==2.0.1
flake8==7.0.0
future==1.0.0
idna==3.7
imagesize==1.4.1
importlib_metadata==7.1.0
iniconfig==2.0.0
ipython==8.23.0
jaraco.classes==3.4.0
jaraco.context==5.3.0
jaraco.functools==4.0.0
jedi==0.19.1
Jinja2==3.1.3
keyring==25.1.0
markdown-it-py==3.0.0
MarkupSafe==2.1.5
matplotlib-inline==0.1.7
mccabe==0.7.0
mdurl==0.1.2
more-itertools==10.2.0
nh3==0.2.17
packaging==24.0
parso==0.8.4
pexpect==4.9.0
pkginfo==1.10.0
pluggy==1.4.0
prompt-toolkit==3.0.43
ptyprocess==0.7.0
pure-eval==0.2.2
pycodestyle==2.11.1
pyflakes==3.2.0
Pygments==2.17.2
PyJWT==1.7.1
pytest==8.1.1
PyYAML==6.0.1
readme_renderer==43.0
requests==2.31.0
requests-toolbelt==1.0.0
rfc3986==2.0.0
rich==13.7.1
six==1.16.0
snowballstemmer==2.2.0
Sphinx==7.3.5
sphinx-rtd-theme==2.0.0
sphinxcontrib-applehelp==1.0.8
sphinxcontrib-devhelp==1.0.6
sphinxcontrib-htmlhelp==2.0.5
sphinxcontrib-jquery==4.1
sphinxcontrib-jsmath==1.0.1
sphinxcontrib-qthelp==1.0.7
sphinxcontrib-serializinghtml==1.1.10
stack-data==0.6.3
tomli==2.0.1
traitlets==5.14.2
twine==5.0.0
typing_extensions==4.11.0
urllib3==2.2.1
versioneer==0.29
wcwidth==0.2.13
-e git+https://github.com/CiscoDevNet/webexteamssdk.git@f7d0e1338a3e765721e1d1e66cca87c7d4527ca3#egg=webexteamssdk
zipp==3.18.1
